
Microsoft Visual Studio Solution File, Format Version 12.00
# Visual Studio Version 17
VisualStudioVersion = 17.6.33801.468
MinimumVisualStudioVersion = 10.0.40219.1
Project("{FAE04EC0-301F-11D3-BF4B-00C04F79EFBC}") = "ProjectFinalPRN221", "ProjectFinalPRN221\ProjectFinalPRN221.csproj", "{6F123F4A-F783-4476-96FE-392CBB46B71D}"
EndProject
Global
	GlobalSection(SolutionConfigurationPlatforms) = preSolution
		Debug|Any CPU = Debug|Any CPU
		Release|Any CPU = Release|Any CPU
	EndGlobalSection
	GlobalSection(ProjectConfigurationPlatforms) = postSolution
		{6F123F4A-F783-4476-96FE-392CBB46B71D}.Debug|Any CPU.ActiveCfg = Debug|Any CPU
		{6F123F4A-F783-4476-96FE-392CBB46B71D}.Debug|Any CPU.Build.0 = Debug|Any CPU
		{6F123F4A-F783-4476-96FE-392CBB46B71D}.Release|Any CPU.ActiveCfg = Release|Any CPU
		{6F123F4A-F783-4476-96FE-392CBB46B71D}.Release|Any CPU.Build.0 = Release|Any CPU
	EndGlobalSection
	GlobalSection(SolutionProperties) = preSolution
		HideSolutionNode = FALSE
	EndGlobalSection
	GlobalSection(ExtensibilityGlobals) = postSolution
		SolutionGuid = {FA3A817C-5342-434C-81B5-F331E43F1454}
	EndGlobalSection
EndGlobal
